PODS:
  - Alamofire (5.0.0.beta.1)
  - algorithmia (0.1.3)
  - lottie-ios (2.5.0)
  - TisprCardStack (3.0.0)

DEPENDENCIES:
  - Alamofire (from `https://github.com/Alamofire/Alamofire.git`, branch `alamofire5`)
  - algorithmia
  - lottie-ios
  - TisprCardStack

SPEC REPOS:
  https://github.com/cocoapods/specs.git:
    - algorithmia
    - lottie-ios
    - TisprCardStack

EXTERNAL SOURCES:
  Alamofire:
    :branch: alamofire5
    :git: https://github.com/Alamofire/Alamofire.git

CHECKOUT OPTIONS:
  Alamofire:
    :commit: a8a2827f5c14c9168a0373e948e963d36edfdbc5
    :git: https://github.com/Alamofire/Alamofire.git

SPEC CHECKSUMS:
  Alamofire: eafeeb206da2148045e57a5dc3c6a4acc65b9eb2
  algorithmia: 6416ed22db9b00a354bf92b6fdf59f1ca449a176
  lottie-ios: d699fdee68d7b63e721d949388b015fef1aaa4ac
  TisprCardStack: 49c1b04e124105d7f0bcec3e0a6aac703229e143

PODFILE CHECKSUM: c3d7b3faf1306dd1edd2b10c60d149147d290429

COCOAPODS: 1.5.3
